version = 1
revision = 3
requires-python = ">=3.13"

[[package]]
name = "tree-sitter"
version = "0.26.0"
source = { registry = "https://pypi.org/simple" }
sdist = { url = "https://files.pythonhosted.org/packages/f7/03/5600b84aff2e6c4fe80cfebb4063fe2f50299521befe5f6092ab8c082f4a/tree_sitter-0.26.0.tar.gz", hash = "sha256:b40c219edccc4564530c96f8f1556f6202b37cda964d1cbd7bd2b7e68b40a245", size = 191423, upload-time = "2026-06-30T12:14:27.933Z" }
wheels = [
    { url = "https://files.pythonhosted.org/packages/cb/b0/465257cf8f972ad9f9812ec1cbaa8ec210ebebb601ade9a15881aa2436b4/tree_sitter-0.26.0-cp313-cp313-macosx_10_13_x86_64.whl", hash = "sha256:ed0889dbed843ce45ede9f5169c0b2dea2222f12685844a03fadb81f12705867", size = 148893, upload-time = "2026-06-30T12:14:10.541Z" },
    { url = "https://files.pythonhosted.org/packages/a1/ec/19d093e854b45e807fecfdd26105c266f43aeecc39c4dc97992a7074ad5a/tree_sitter-0.26.0-cp313-cp313-macosx_11_0_arm64.whl", hash = "sha256:6189c6c340c7384357711e3d92645e96bfb79f7a502f86de1ebdb23eb43f7dab", size = 140829, upload-time = "2026-06-30T12:14:11.626Z" },
    { url = "https://files.pythonhosted.org/packages/9b/ee/87e74671ed63a837e7a1f17ab94aa3913871e033b27523d8e7b83d6f7ad0/tree_sitter-0.26.0-cp313-cp313-manylinux2014_aarch64.manylinux_2_17_aarch64.manylinux_2_28_aarch64.whl", hash = "sha256:8ff2e0750b7daa722302838356d7b65e303829b7eb73c915df127ddba115e1d1", size = 639334, upload-time = "2026-06-30T12:14:12.836Z" },
    { url = "https://files.pythonhosted.org/packages/66/e7/f7e04cd9dff6b6ac0adf23922796fbc76accd4cf4bcda50542748d485679/tree_sitter-0.26.0-cp313-cp313-manylinux2014_x86_64.manylinux_2_17_x86_64.manylinux_2_28_x86_64.whl", hash = "sha256:7075ef857ef86f327dbb72d1e2574dda78db5754b3a1fca6506acd7fe5d561a7", size = 668102, upload-time = "2026-06-30T12:14:14.035Z" },
    { url = "https://files.pythonhosted.org/packages/d3/90/0bfb16b7894fea728c774a89d5af421a9368a2f913bbd4e8dcab7caaecfb/tree_sitter-0.26.0-cp313-cp313-manylinux_2_31_riscv64.manylinux_2_39_riscv64.whl", hash = "sha256:26c996c1edfee86e977bb3f5462e74fcec0d0b0db1e85a3c475875763caa03be", size = 648560, upload-time = "2026-06-30T12:14:15.302Z" },
    { url = "https://files.pythonhosted.org/packages/cd/e6/0fe05ba396e9623b0ae40ccf34171336b8701ec8d7bd0ee9f5224d638665/tree_sitter-0.26.0-cp313-cp313-musllinux_1_2_x86_64.whl", hash = "sha256:00289bfe7978f3e0dc0ce69813a20fa9f44ea4c100b3ec62043e5eb74ccfc3a2", size = 665121, upload-time = "2026-06-30T12:14:16.403Z" },
    { url = "https://files.pythonhosted.org/packages/eb/d2/a944b1ca35bed6068dc84a9967aaf3049d8cc0b7a36179eea8787270a6ab/tree_sitter-0.26.0-cp313-cp313-win_amd64.whl", hash = "sha256:93e220cab7e6a823efeb2046c49171427de92ef71c7c681c01820d14d8d3721f", size = 129615, upload-time = "2026-06-30T12:14:17.463Z" },
    { url = "https://files.pythonhosted.org/packages/09/ef/c7ca48293580d2249f36940c4eed5b4ddeb9ce75baf9a4ef30621987e0c7/tree_sitter-0.26.0-cp313-cp313-win_arm64.whl", hash = "sha256:b31a8195d2f224224c530ac814632d98c1dcc123d227442c07c736e86b70d564", size = 116525, upload-time = "2026-06-30T12:14:18.53Z" },
    { url = "https://files.pythonhosted.org/packages/c5/7a/4d84e6f6ae2c3e757490dd84de251712c31e293dfe31f28da1ec019cefa2/tree_sitter-0.26.0-cp314-cp314-macosx_10_15_x86_64.whl", hash = "sha256:5a3c93a352b7e6f70f73e121bbfa2d0117ba7478bd51114ed35c91b0b78814fa", size = 148901, upload-time = "2026-06-30T12:14:19.452Z" },
    { url = "https://files.pythonhosted.org/packages/b0/d9/efe62ec65dc9d096e834d27b8c058127e2146e42ff3380b822a233f016a6/tree_sitter-0.26.0-cp314-cp314-macosx_11_0_arm64.whl", hash = "sha256:5fc2f41bf246ff2f70a9cc3690be35ec7580a4923151873d898c8bcb1a4503d3", size = 140805, upload-time = "2026-06-30T12:14:20.478Z" },
    { url = "https://files.pythonhosted.org/packages/c4/2c/c82326b7b97e3c485c18679883b16f89e5e913c639d3b219d3da70c9e67e/tree_sitter-0.26.0-cp314-cp314-manylinux2014_aarch64.manylinux_2_17_aarch64.manylinux_2_28_aarch64.whl", hash = "sha256:b8ea92a255c91671a7ec4625aba3ab7bb5220c423630ffbf83c45d7312abe084", size = 640586, upload-time = "2026-06-30T12:14:21.527Z" },
    { url = "https://files.pythonhosted.org/packages/e2/7a/f56e7d8282859452611024c7cbc623bfba5b24b8cb9b8f8bc88c5219fe9a/tree_sitter-0.26.0-cp314-cp314-manylinux2014_x86_64.manylinux_2_17_x86_64.manylinux_2_28_x86_64.whl", hash = "sha256:f665510f0fcf4636fb9696f1f7853bed7a3bd764b7bb0cb8494e619c14ed5a0c", size = 668300, upload-time = "2026-06-30T12:14:22.728Z" },
    { url = "https://files.pythonhosted.org/packages/91/51/240ee81b9d5e9ca0a6cb1528e8605ffa70ab58c89ce126631be96d3e4bae/tree_sitter-0.26.0-cp314-cp314-manylinux_2_31_riscv64.manylinux_2_39_riscv64.whl", hash = "sha256:253df7ab82cc0a9d311cd65f06e9f99fb3eac55996ae9fc94da22f123a861b90", size = 649627, upload-time = "2026-06-30T12:14:23.819Z" },
    { url = "https://files.pythonhosted.org/packages/6a/54/760035cefedf9eb44f0f84c4ac22f1322e73155853e272576ee876336312/tree_sitter-0.26.0-cp314-cp314-musllinux_1_2_x86_64.whl", hash = "sha256:ff80d4833d330a73184a3ac5132abe93c575d2dea31975c6f15c0d21fef238aa", size = 664885, upload-time = "2026-06-30T12:14:25.064Z" },
    { url = "https://files.pythonhosted.org/packages/c9/1b/0b36fe2a984ecedc4ce6aefd5d56447a6626a8e9b595c4e48658510ce8f8/tree_sitter-0.26.0-cp314-cp314-win_amd64.whl", hash = "sha256:a4033fecc8f606c7f2e8b8014d0057b74668a7f0152763606f7bc25c5f9ec64c", size = 132688, upload-time = "2026-06-30T12:14:26.106Z" },
    { url = "https://files.pythonhosted.org/packages/4d/74/ebc041a13fbf40144afdb0d4b447e48e0b4012ca866c63de8b48f801f0c1/tree_sitter-0.26.0-cp314-cp314-win_arm64.whl", hash = "sha256:823251c4b6725a7c03ed497a339135ede7ae4bdde75bb8be7ef5e305aeb4ff52", size = 120287, upload-time = "2026-06-30T12:14:26.991Z" },
]

[[package]]
name = "tree-sitter-py-bug"
version = "0.1.0"
source = { editable = "." }
dependencies = [
    { name = "tree-sitter" },
    { name = "tree-sitter-python" },
]

[package.metadata]
requires-dist = [
    { name = "tree-sitter", specifier = "==0.26.0" },
    { name = "tree-sitter-python", specifier = ">=0.25.0" },
]

[[package]]
name = "tree-sitter-python"
version = "0.25.0"
source = { registry = "https://pypi.org/simple" }
sdist = { url = "https://files.pythonhosted.org/packages/b8/8b/c992ff0e768cb6768d5c96234579bf8842b3a633db641455d86dd30d5dac/tree_sitter_python-0.25.0.tar.gz", hash = "sha256:b13e090f725f5b9c86aa455a268553c65cadf325471ad5b65cd29cac8a1a68ac", size = 159845, upload-time = "2025-09-11T06:47:58.159Z" }
wheels = [
    { url = "https://files.pythonhosted.org/packages/cf/64/a4e503c78a4eb3ac46d8e72a29c1b1237fa85238d8e972b063e0751f5a94/tree_sitter_python-0.25.0-cp310-abi3-macosx_10_9_x86_64.whl", hash = "sha256:14a79a47ddef72f987d5a2c122d148a812169d7484ff5c75a3db9609d419f361", size = 73790, upload-time = "2025-09-11T06:47:47.652Z" },
    { url = "https://files.pythonhosted.org/packages/e6/1d/60d8c2a0cc63d6ec4ba4e99ce61b802d2e39ef9db799bdf2a8f932a6cd4b/tree_sitter_python-0.25.0-cp310-abi3-macosx_11_0_arm64.whl", hash = "sha256:480c21dbd995b7fe44813e741d71fed10ba695e7caab627fb034e3828469d762", size = 76691, upload-time = "2025-09-11T06:47:49.038Z" },
    { url = "https://files.pythonhosted.org/packages/aa/cb/d9b0b67d037922d60cbe0359e0c86457c2da721bc714381a63e2c8e35eba/tree_sitter_python-0.25.0-cp310-abi3-manylinux1_x86_64.manylinux_2_28_x86_64.manylinux_2_5_x86_64.whl", hash = "sha256:86f118e5eecad616ecdb81d171a36dde9bef5a0b21ed71ea9c3e390813c3baf5", size = 108133, upload-time = "2025-09-11T06:47:50.499Z" },
    { url = "https://files.pythonhosted.org/packages/40/bd/bf4787f57e6b2860f3f1c8c62f045b39fb32d6bac4b53d7a9e66de968440/tree_sitter_python-0.25.0-cp310-abi3-manylinux2014_aarch64.manylinux_2_17_aarch64.manylinux_2_28_aarch64.whl", hash = "sha256:be71650ca2b93b6e9649e5d65c6811aad87a7614c8c1003246b303f6b150f61b", size = 110603, upload-time = "2025-09-11T06:47:51.985Z" },
    { url = "https://files.pythonhosted.org/packages/5d/25/feff09f5c2f32484fbce15db8b49455c7572346ce61a699a41972dea7318/tree_sitter_python-0.25.0-cp310-abi3-musllinux_1_2_aarch64.whl", hash = "sha256:e6d5b5799628cc0f24691ab2a172a8e676f668fe90dc60468bee14084a35c16d", size = 108998, upload-time = "2025-09-11T06:47:53.046Z" },
    { url = "https://files.pythonhosted.org/packages/75/69/4946da3d6c0df316ccb938316ce007fb565d08f89d02d854f2d308f0309f/tree_sitter_python-0.25.0-cp310-abi3-musllinux_1_2_x86_64.whl", hash = "sha256:71959832fc5d9642e52c11f2f7d79ae520b461e63334927e93ca46cd61cd9683", size = 107268, upload-time = "2025-09-11T06:47:54.388Z" },
    { url = "https://files.pythonhosted.org/packages/ed/a2/996fc2dfa1076dc460d3e2f3c75974ea4b8f02f6bc925383aaae519920e8/tree_sitter_python-0.25.0-cp310-abi3-win_amd64.whl", hash = "sha256:9bcde33f18792de54ee579b00e1b4fe186b7926825444766f849bf7181793a76", size = 76073, upload-time = "2025-09-11T06:47:55.773Z" },
    { url = "https://files.pythonhosted.org/packages/07/19/4b5569d9b1ebebb5907d11554a96ef3fa09364a30fcfabeff587495b512f/tree_sitter_python-0.25.0-cp310-abi3-win_arm64.whl", hash = "sha256:0fbf6a3774ad7e89ee891851204c2e2c47e12b63a5edbe2e9156997731c128bb", size = 74169, upload-time = "2025-09-11T06:47:56.747Z" },
]
